
Microsoft Visual Studio Solution File, Format Version 12.00
# Visual Studio Version 17
VisualStudioVersion = 17.0.32014.148
MinimumVisualStudioVersion = 10.0.40219.1
Project("{FAE04EC0-301F-11D3-BF4B-00C04F79EFBC}") = "Final Project", "Final Project\Final Project.csproj", "{B6D923B9-D53D-4B34-9F8E-1A9D2374DDC5}"
EndProject
Global
	GlobalSection(SolutionConfigurationPlatforms) = preSolution
		Debug|Any CPU = Debug|Any CPU
		Release|Any CPU = Release|Any CPU
	EndGlobalSection
	GlobalSection(ProjectConfigurationPlatforms) = postSolution
		{B6D923B9-D53D-4B34-9F8E-1A9D2374DDC5}.Debug|Any CPU.ActiveCfg = Debug|Any CPU
		{B6D923B9-D53D-4B34-9F8E-1A9D2374DDC5}.Debug|Any CPU.Build.0 = Debug|Any CPU
		{B6D923B9-D53D-4B34-9F8E-1A9D2374DDC5}.Release|Any CPU.ActiveCfg = Release|Any CPU
		{B6D923B9-D53D-4B34-9F8E-1A9D2374DDC5}.Release|Any CPU.Build.0 = Release|Any CPU
	EndGlobalSection
	GlobalSection(SolutionProperties) = preSolution
		HideSolutionNode = FALSE
	EndGlobalSection
	GlobalSection(ExtensibilityGlobals) = postSolution
		SolutionGuid = {757F66B2-128A-4DF9-852F-D8E70097D52D}
	EndGlobalSection
EndGlobal
